
Microsoft Visual Studio Solution File, Format Version 12.00
# Visual Studio Version 17
VisualStudioVersion = 17.4.33213.308
MinimumVisualStudioVersion = 10.0.40219.1
Project("{FAE04EC0-301F-11D3-BF4B-00C04F79EFBC}") = "Gioco della Vita", "Gioco della Vita\Gioco della Vita.csproj", "{75B7D393-0FAA-4CC8-81EB-C2399581661E}"
EndProject
Global
	GlobalSection(SolutionConfigurationPlatforms) = preSolution
		Debug|Any CPU = Debug|Any CPU
		Release|Any CPU = Release|Any CPU
	EndGlobalSection
	GlobalSection(ProjectConfigurationPlatforms) = postSolution
		{75B7D393-0FAA-4CC8-81EB-C2399581661E}.Debug|Any CPU.ActiveCfg = Debug|Any CPU
		{75B7D393-0FAA-4CC8-81EB-C2399581661E}.Debug|Any CPU.Build.0 = Debug|Any CPU
		{75B7D393-0FAA-4CC8-81EB-C2399581661E}.Release|Any CPU.ActiveCfg = Release|Any CPU
		{75B7D393-0FAA-4CC8-81EB-C2399581661E}.Release|Any CPU.Build.0 = Release|Any CPU
	EndGlobalSection
	GlobalSection(SolutionProperties) = preSolution
		HideSolutionNode = FALSE
	EndGlobalSection
	GlobalSection(ExtensibilityGlobals) = postSolution
		SolutionGuid = {4DEC69D0-3A4E-4BFA-92A1-364ACFF1161D}
	EndGlobalSection
EndGlobal
